
Microsoft Visual Studio Solution File, Format Version 12.00
# Visual Studio Version 17
VisualStudioVersion = 17.0.32112.339
MinimumVisualStudioVersion = 10.0.40219.1
Project("{FAE04EC0-301F-11D3-BF4B-00C04F79EFBC}") = "Week4Assignment", "Week4Assignment.csproj", "{9BB0FB0C-BC72-4489-8FD3-BFF78C76AA5D}"
EndProject
Global
	GlobalSection(SolutionConfigurationPlatforms) = preSolution
		Debug|Any CPU = Debug|Any CPU
		Release|Any CPU = Release|Any CPU
	EndGlobalSection
	GlobalSection(ProjectConfigurationPlatforms) = postSolution
		{9BB0FB0C-BC72-4489-8FD3-BFF78C76AA5D}.Debug|Any CPU.ActiveCfg = Debug|Any CPU
		{9BB0FB0C-BC72-4489-8FD3-BFF78C76AA5D}.Debug|Any CPU.Build.0 = Debug|Any CPU
		{9BB0FB0C-BC72-4489-8FD3-BFF78C76AA5D}.Release|Any CPU.ActiveCfg = Release|Any CPU
		{9BB0FB0C-BC72-4489-8FD3-BFF78C76AA5D}.Release|Any CPU.Build.0 = Release|Any CPU
	EndGlobalSection
	GlobalSection(SolutionProperties) = preSolution
		HideSolutionNode = FALSE
	EndGlobalSection
	GlobalSection(ExtensibilityGlobals) = postSolution
		SolutionGuid = {D6285BD0-A1D7-4CA8-939A-1B89505E522C}
	EndGlobalSection
EndGlobal
